
Microsoft Visual Studio Solution File, Format Version 12.00
# Visual Studio Version 16
VisualStudioVersion = 16.0.30114.105
MinimumVisualStudioVersion = 10.0.40219.1
Project("{FAE04EC0-301F-11D3-BF4B-00C04F79EFBC}") = "Proect_Demo", "Proect_Demo.csproj", "{2BE12C96-9204-4F2F-B96F-8C100A394A17}"
EndProject
Global
	GlobalSection(SolutionConfigurationPlatforms) = preSolution
		Debug|Any CPU = Debug|Any CPU
		Release|Any CPU = Release|Any CPU
	EndGlobalSection
	GlobalSection(ProjectConfigurationPlatforms) = postSolution
		{2BE12C96-9204-4F2F-B96F-8C100A394A17}.Debug|Any CPU.ActiveCfg = Debug|Any CPU
		{2BE12C96-9204-4F2F-B96F-8C100A394A17}.Debug|Any CPU.Build.0 = Debug|Any CPU
		{2BE12C96-9204-4F2F-B96F-8C100A394A17}.Release|Any CPU.ActiveCfg = Release|Any CPU
		{2BE12C96-9204-4F2F-B96F-8C100A394A17}.Release|Any CPU.Build.0 = Release|Any CPU
	EndGlobalSection
	GlobalSection(SolutionProperties) = preSolution
		HideSolutionNode = FALSE
	EndGlobalSection
	GlobalSection(ExtensibilityGlobals) = postSolution
		SolutionGuid = {16F1E882-5698-4445-8944-D6AADBA4FB9A}
	EndGlobalSection
EndGlobal
